// !$*UTF8*$!
{
	archiveVersion = 1;
	classes = {
	};
	objectVersion = 56;
	objects = {

/* Begin PBXBuildFile section */
		180E68482C20F5F4002E9729 /* ErrorModel.swift in Sources */ = {isa = PBXBuildFile; fileRef = 180E68472C20F5F4002E9729 /* ErrorModel.swift */; };
		185FFD632C1C47AA00617F16 /* dufunatestApp.swift in Sources */ = {isa = PBXBuildFile; fileRef = 185FFD622C1C47AA00617F16 /* dufunatestApp.swift */; };
		185FFD652C1C47AA00617F16 /* ContentView.swift in Sources */ = {isa = PBXBuildFile; fileRef = 185FFD642C1C47AA00617F16 /* ContentView.swift */; };
		185FFD672C1C47AD00617F16 /* Assets.xcassets in Resources */ = {isa = PBXBuildFile; fileRef = 185FFD662C1C47AD00617F16 /* Assets.xcassets */; };
		185FFD6A2C1C47AD00617F16 /* Preview Assets.xcassets in Resources */ = {isa = PBXBuildFile; fileRef = 185FFD692C1C47AD00617F16 /* Preview Assets.xcassets */; };
		185FFD742C1C538100617F16 /* SplashScreen.swift in Sources */ = {isa = PBXBuildFile; fileRef = 185FFD732C1C538100617F16 /* SplashScreen.swift */; };
		185FFD762C1C53D200617F16 /* LoginScreen.swift in Sources */ = {isa = PBXBuildFile; fileRef = 185FFD752C1C53D200617F16 /* LoginScreen.swift */; };
		185FFD7E2C1C834900617F16 /* HomeScreen.swift in Sources */ = {isa = PBXBuildFile; fileRef = 185FFD7D2C1C834900617F16 /* HomeScreen.swift */; };
		185FFD802C1D0F9700617F16 /* HomeView.swift in Sources */ = {isa = PBXBuildFile; fileRef = 185FFD7F2C1D0F9700617F16 /* HomeView.swift */; };
		185FFD852C1DF24D00617F16 /* HomeCard.swift in Sources */ = {isa = PBXBuildFile; fileRef = 185FFD842C1DF24D00617F16 /* HomeCard.swift */; };
		185FFD892C20609100617F16 /* LoginModel.swift in Sources */ = {isa = PBXBuildFile; fileRef = 185FFD882C20609100617F16 /* LoginModel.swift */; };
		185FFD8B2C2061B900617F16 /* TaskModel.swift in Sources */ = {isa = PBXBuildFile; fileRef = 185FFD8A2C2061B900617F16 /* TaskModel.swift */; };
		185FFD8D2C20623C00617F16 /* AppViewModel.swift in Sources */ = {isa = PBXBuildFile; fileRef = 185FFD8C2C20623C00617F16 /* AppViewModel.swift */; };
/* End PBXBuildFile section */

/* Begin PBXFileReference section */
		180E68472C20F5F4002E9729 /* ErrorModel.swift */ = {isa = PBXFileReference; lastKnownFileType = sourcecode.swift; path = ErrorModel.swift; sourceTree = "<group>"; };
		185FFD5F2C1C47AA00617F16 /* dufunatest.app */ = {isa = PBXFileReference; explicitFileType = wrapper.application; includeInIndex = 0; path = dufunatest.app; sourceTree = BUILT_PRODUCTS_DIR; };
		185FFD622C1C47AA00617F16 /* dufunatestApp.swift */ = {isa = PBXFileReference; lastKnownFileType = sourcecode.swift; path = dufunatestApp.swift; sourceTree = "<group>"; };
		185FFD642C1C47AA00617F16 /* ContentView.swift */ = {isa = PBXFileReference; lastKnownFileType = sourcecode.swift; path = ContentView.swift; sourceTree = "<group>"; };
		185FFD662C1C47AD00617F16 /* Assets.xcassets */ = {isa = PBXFileReference; lastKnownFileType = folder.assetcatalog; path = Assets.xcassets; sourceTree = "<group>"; };
		185FFD692C1C47AD00617F16 /* Preview Assets.xcassets */ = {isa = PBXFileReference; lastKnownFileType = folder.assetcatalog; path = "Preview Assets.xcassets"; sourceTree = "<group>"; };
		185FFD732C1C538100617F16 /* SplashScreen.swift */ = {isa = PBXFileReference; lastKnownFileType = sourcecode.swift; path = SplashScreen.swift; sourceTree = "<group>"; };
		185FFD752C1C53D200617F16 /* LoginScreen.swift */ = {isa = PBXFileReference; lastKnownFileType = sourcecode.swift; path = LoginScreen.swift; sourceTree = "<group>"; };
		185FFD7D2C1C834900617F16 /* HomeScreen.swift */ = {isa = PBXFileReference; lastKnownFileType = sourcecode.swift; path = HomeScreen.swift; sourceTree = "<group>"; };
		185FFD7F2C1D0F9700617F16 /* HomeView.swift */ = {isa = PBXFileReference; lastKnownFileType = sourcecode.swift; path = HomeView.swift; sourceTree = "<group>"; };
		185FFD842C1DF24D00617F16 /* HomeCard.swift */ = {isa = PBXFileReference; lastKnownFileType = sourcecode.swift; path = HomeCard.swift; sourceTree = "<group>"; };
		185FFD882C20609100617F16 /* LoginModel.swift */ = {isa = PBXFileReference; lastKnownFileType = sourcecode.swift; path = LoginModel.swift; sourceTree = "<group>"; };
		185FFD8A2C2061B900617F16 /* TaskModel.swift */ = {isa = PBXFileReference; lastKnownFileType = sourcecode.swift; path = TaskModel.swift; sourceTree = "<group>"; };
		185FFD8C2C20623C00617F16 /* AppViewModel.swift */ = {isa = PBXFileReference; lastKnownFileType = sourcecode.swift; path = AppViewModel.swift; sourceTree = "<group>"; };
/* End PBXFileReference section */

/* Begin PBXFrameworksBuildPhase section */
		185FFD5C2C1C47AA00617F16 /* Frameworks */ = {
			isa = PBXFrameworksBuildPhase;
			buildActionMask = 2147483647;
			files = (
			);
			runOnlyForDeploymentPostprocessing = 0;
		};
/* End PBXFrameworksBuildPhase section */

/* Begin PBXGroup section */
		185FFD562C1C47AA00617F16 = {
			isa = PBXGroup;
			children = (
				185FFD612C1C47AA00617F16 /* dufunatest */,
				185FFD602C1C47AA00617F16 /* Products */,
			);
			sourceTree = "<group>";
		};
		185FFD602C1C47AA00617F16 /* Products */ = {
			isa = PBXGroup;
			children = (
				185FFD5F2C1C47AA00617F16 /* dufunatest.app */,
			);
			name = Products;
			sourceTree = "<group>";
		};
		185FFD612C1C47AA00617F16 /* dufunatest */ = {
			isa = PBXGroup;
			children = (
				185FFD722C1C48A900617F16 /* Models */,
				185FFD712C1C489D00617F16 /* ViewModels */,
				185FFD702C1C489000617F16 /* Views */,
				185FFD622C1C47AA00617F16 /* dufunatestApp.swift */,
				185FFD642C1C47AA00617F16 /* ContentView.swift */,
				185FFD662C1C47AD00617F16 /* Assets.xcassets */,
				185FFD682C1C47AD00617F16 /* Preview Content */,
			);
			path = dufunatest;
			sourceTree = "<group>";
		};
		185FFD682C1C47AD00617F16 /* Preview Content */ = {
			isa = PBXGroup;
			children = (
				185FFD692C1C47AD00617F16 /* Preview Assets.xcassets */,
			);
			path = "Preview Content";
			sourceTree = "<group>";
		};
		185FFD702C1C489000617F16 /* Views */ = {
			isa = PBXGroup;
			children = (
				185FFD732C1C538100617F16 /* SplashScreen.swift */,
				185FFD752C1C53D200617F16 /* LoginScreen.swift */,
				185FFD7D2C1C834900617F16 /* HomeScreen.swift */,
				185FFD7F2C1D0F9700617F16 /* HomeView.swift */,
				185FFD842C1DF24D00617F16 /* HomeCard.swift */,
			);
			path = Views;
			sourceTree = "<group>";
		};
		185FFD712C1C489D00617F16 /* ViewModels */ = {
			isa = PBXGroup;
			children = (
				185FFD8C2C20623C00617F16 /* AppViewModel.swift */,
			);
			path = ViewModels;
			sourceTree = "<group>";
		};
		185FFD722C1C48A900617F16 /* Models */ = {
			isa = PBXGroup;
			children = (
				185FFD882C20609100617F16 /* LoginModel.swift */,
				185FFD8A2C2061B900617F16 /* TaskModel.swift */,
				180E68472C20F5F4002E9729 /* ErrorModel.swift */,
			);
			path = Models;
			sourceTree = "<group>";
		};
/* End PBXGroup section */

/* Begin PBXNativeTarget section */
		185FFD5E2C1C47AA00617F16 /* dufunatest */ = {
			isa = PBXNativeTarget;
			buildConfigurationList = 185FFD6D2C1C47AD00617F16 /* Build configuration list for PBXNativeTarget "dufunatest" */;
			buildPhases = (
				185FFD5B2C1C47AA00617F16 /* Sources */,
				185FFD5C2C1C47AA00617F16 /* Frameworks */,
				185FFD5D2C1C47AA00617F16 /* Resources */,
			);
			buildRules = (
			);
			dependencies = (
			);
			name = dufunatest;
			productName = dufunatest;
			productReference = 185FFD5F2C1C47AA00617F16 /* dufunatest.app */;
			productType = "com.apple.product-type.application";
		};
/* End PBXNativeTarget section */

/* Begin PBXProject section */
		185FFD572C1C47AA00617F16 /* Project object */ = {
			isa = PBXProject;
			attributes = {
				BuildIndependentTargetsInParallel = 1;
				LastSwiftUpdateCheck = 1520;
				LastUpgradeCheck = 1520;
				TargetAttributes = {
					185FFD5E2C1C47AA00617F16 = {
						CreatedOnToolsVersion = 15.2;
					};
				};
			};
			buildConfigurationList = 185FFD5A2C1C47AA00617F16 /* Build configuration list for PBXProject "dufunatest" */;
			compatibilityVersion = "Xcode 14.0";
			developmentRegion = en;
			hasScannedForEncodings = 0;
			knownRegions = (
				en,
				Base,
			);
			mainGroup = 185FFD562C1C47AA00617F16;
			productRefGroup = 185FFD602C1C47AA00617F16 /* Products */;
			projectDirPath = "";
			projectRoot = "";
			targets = (
				185FFD5E2C1C47AA00617F16 /* dufunatest */,
			);
		};
/* End PBXProject section */

/* Begin PBXResourcesBuildPhase section */
		185FFD5D2C1C47AA00617F16 /* Resources */ = {
			isa = PBXResourcesBuildPhase;
			buildActionMask = 2147483647;
			files = (
				185FFD6A2C1C47AD00617F16 /* Preview Assets.xcassets in Resources */,
				185FFD672C1C47AD00617F16 /* Assets.xcassets in Resources */,
			);
			runOnlyForDeploymentPostprocessing = 0;
		};
/* End PBXResourcesBuildPhase section */

/* Begin PBXSourcesBuildPhase section */
		185FFD5B2C1C47AA00617F16 /* Sources */ = {
			isa = PBXSourcesBuildPhase;
			buildActionMask = 2147483647;
			files = (
				185FFD8D2C20623C00617F16 /* AppViewModel.swift in Sources */,
				185FFD852C1DF24D00617F16 /* HomeCard.swift in Sources */,
				185FFD742C1C538100617F16 /* SplashScreen.swift in Sources */,
				185FFD7E2C1C834900617F16 /* HomeScreen.swift in Sources */,
				180E68482C20F5F4002E9729 /* ErrorModel.swift in Sources */,
				185FFD8B2C2061B900617F16 /* TaskModel.swift in Sources */,
				185FFD762C1C53D200617F16 /* LoginScreen.swift in Sources */,
				185FFD802C1D0F9700617F16 /* HomeView.swift in Sources */,
				185FFD892C20609100617F16 /* LoginModel.swift in Sources */,
				185FFD652C1C47AA00617F16 /* ContentView.swift in Sources */,
				185FFD632C1C47AA00617F16 /* dufunatestApp.swift in Sources */,
			);
			runOnlyForDeploymentPostprocessing = 0;
		};
/* End PBXSourcesBuildPhase section */

/* Begin XCBuildConfiguration section */
		185FFD6B2C1C47AD00617F16 /* Debug */ = {
			isa = XCBuildConfiguration;
			buildSettings = {
				ALWAYS_SEARCH_USER_PATHS = NO;
				ASSETCATALOG_COMPILER_GENERATE_SWIFT_ASSET_SYMBOL_EXTENSIONS = YES;
				CLANG_ANALYZER_NONNULL = YES;
				CLANG_ANALYZER_NUMBER_OBJECT_CONVERSION = YES_AGGRESSIVE;
				CLANG_CXX_LANGUAGE_STANDARD = "gnu++20";
				CLANG_ENABLE_MODULES = YES;
				CLANG_ENABLE_OBJC_ARC = YES;
				CLANG_ENABLE_OBJC_WEAK = YES;
				CLANG_WARN_BLOCK_CAPTURE_AUTORELEASING = YES;
				CLANG_WARN_BOOL_CONVERSION = YES;
				CLANG_WARN_COMMA = YES;
				CLANG_WARN_CONSTANT_CONVERSION = YES;
				CLANG_WARN_DEPRECATED_OBJC_IMPLEMENTATIONS = YES;
				CLANG_WARN_DIRECT_OBJC_ISA_USAGE = YES_ERROR;
				CLANG_WARN_DOCUMENTATION_COMMENTS = YES;
				CLANG_WARN_EMPTY_BODY = YES;
				CLANG_WARN_ENUM_CONVERSION = YES;
				CLANG_WARN_INFINITE_RECURSION = YES;
				CLANG_WARN_INT_CONVERSION = YES;
				CLANG_WARN_NON_LITERAL_NULL_CONVERSION = YES;
				CLANG_WARN_OBJC_IMPLICIT_RETAIN_SELF = YES;
				CLANG_WARN_OBJC_LITERAL_CONVERSION = YES;
				CLANG_WARN_OBJC_ROOT_CLASS = YES_ERROR;
				CLANG_WARN_QUOTED_INCLUDE_IN_FRAMEWORK_HEADER = YES;
				CLANG_WARN_RANGE_LOOP_ANALYSIS = YES;
				CLANG_WARN_STRICT_PROTOTYPES = YES;
				CLANG_WARN_SUSPICIOUS_MOVE = YES;
				CLANG_WARN_UNGUARDED_AVAILABILITY = YES_AGGRESSIVE;
				CLANG_WARN_UNREACHABLE_CODE = YES;
				CLANG_WARN__DUPLICATE_METHOD_MATCH = YES;
				COPY_PHASE_STRIP = NO;
				DEBUG_INFORMATION_FORMAT = dwarf;
				ENABLE_STRICT_OBJC_MSGSEND = YES;
				ENABLE_TESTABILITY = YES;
				ENABLE_USER_SCRIPT_SANDBOXING = YES;
				GCC_C_LANGUAGE_STANDARD = gnu17;
				GCC_DYNAMIC_NO_PIC = NO;
				GCC_NO_COMMON_BLOCKS = YES;
				GCC_OPTIMIZATION_LEVEL = 0;
				GCC_PREPROCESSOR_DEFINITIONS = (
					"DEBUG=1",
					"$(inherited)",
				);
				GCC_WARN_64_TO_32_BIT_CONVERSION = YES;
				GCC_WARN_ABOUT_RETURN_TYPE = YES_ERROR;
				GCC_WARN_UNDECLARED_SELECTOR = YES;
				GCC_WARN_UNINITIALIZED_AUTOS = YES_AGGRESSIVE;
				GCC_WARN_UNUSED_FUNCTION = YES;
				GCC_WARN_UNUSED_VARIABLE = YES;
				IPHONEOS_DEPLOYMENT_TARGET = 17.2;
				LOCALIZATION_PREFERS_STRING_CATALOGS = YES;
				MTL_ENABLE_DEBUG_INFO = INCLUDE_SOURCE;
				MTL_FAST_MATH = YES;
				ONLY_ACTIVE_ARCH = YES;
				SDKROOT = iphoneos;
				SWIFT_ACTIVE_COMPILATION_CONDITIONS = "DEBUG $(inherited)";
				SWIFT_OPTIMIZATION_LEVEL = "-Onone";
			};
			name = Debug;
		};
		185FFD6C2C1C47AD00617F16 /* Release */ = {
			isa = XCBuildConfiguration;
			buildSettings = {
				ALWAYS_SEARCH_USER_PATHS = NO;
				ASSETCATALOG_COMPILER_GENERATE_SWIFT_ASSET_SYMBOL_EXTENSIONS = YES;
				CLANG_ANALYZER_NONNULL = YES;
				CLANG_ANALYZER_NUMBER_OBJECT_CONVERSION = YES_AGGRESSIVE;
				CLANG_CXX_LANGUAGE_STANDARD = "gnu++20";
				CLANG_ENABLE_MODULES = YES;
				CLANG_ENABLE_OBJC_ARC = YES;
				CLANG_ENABLE_OBJC_WEAK = YES;
				CLANG_WARN_BLOCK_CAPTURE_AUTORELEASING = YES;
				CLANG_WARN_BOOL_CONVERSION = YES;
				CLANG_WARN_COMMA = YES;
				CLANG_WARN_CONSTANT_CONVERSION = YES;
				CLANG_WARN_DEPRECATED_OBJC_IMPLEMENTATIONS = YES;
				CLANG_WARN_DIRECT_OBJC_ISA_USAGE = YES_ERROR;
				CLANG_WARN_DOCUMENTATION_COMMENTS = YES;
				CLANG_WARN_EMPTY_BODY = YES;
				CLANG_WARN_ENUM_CONVERSION = YES;
				CLANG_WARN_INFINITE_RECURSION = YES;
				CLANG_WARN_INT_CONVERSION = YES;
				CLANG_WARN_NON_LITERAL_NULL_CONVERSION = YES;
				CLANG_WARN_OBJC_IMPLICIT_RETAIN_SELF = YES;
				CLANG_WARN_OBJC_LITERAL_CONVERSION = YES;
				CLANG_WARN_OBJC_ROOT_CLASS = YES_ERROR;
				CLANG_WARN_QUOTED_INCLUDE_IN_FRAMEWORK_HEADER = YES;
				CLANG_WARN_RANGE_LOOP_ANALYSIS = YES;
				CLANG_WARN_STRICT_PROTOTYPES = YES;
				CLANG_WARN_SUSPICIOUS_MOVE = YES;
				CLANG_WARN_UNGUARDED_AVAILABILITY = YES_AGGRESSIVE;
				CLANG_WARN_UNREACHABLE_CODE = YES;
				CLANG_WARN__DUPLICATE_METHOD_MATCH = YES;
				COPY_PHASE_STRIP = NO;
				DEBUG_INFORMATION_FORMAT = "dwarf-with-dsym";
				ENABLE_NS_ASSERTIONS = NO;
				ENABLE_STRICT_OBJC_MSGSEND = YES;
				ENABLE_USER_SCRIPT_SANDBOXING = YES;
				GCC_C_LANGUAGE_STANDARD = gnu17;
				GCC_NO_COMMON_BLOCKS = YES;
				GCC_WARN_64_TO_32_BIT_CONVERSION = YES;
				GCC_WARN_ABOUT_RETURN_TYPE = YES_ERROR;
				GCC_WARN_UNDECLARED_SELECTOR = YES;
				GCC_WARN_UNINITIALIZED_AUTOS = YES_AGGRESSIVE;
				GCC_WARN_UNUSED_FUNCTION = YES;
				GCC_WARN_UNUSED_VARIABLE = YES;
				IPHONEOS_DEPLOYMENT_TARGET = 17.2;
				LOCALIZATION_PREFERS_STRING_CATALOGS = YES;
				MTL_ENABLE_DEBUG_INFO = NO;
				MTL_FAST_MATH = YES;
				SDKROOT = iphoneos;
				SWIFT_COMPILATION_MODE = wholemodule;
				VALIDATE_PRODUCT = YES;
			};
			name = Release;
		};
		185FFD6E2C1C47AD00617F16 /* Debug */ = {
			isa = XCBuildConfiguration;
			buildSettings = {
				ASSETCATALOG_COMPILER_APPICON_NAME = AppIcon;
				ASSETCATALOG_COMPILER_GLOBAL_ACCENT_COLOR_NAME = AccentColor;
				CODE_SIGN_STYLE = Automatic;
				CURRENT_PROJECT_VERSION = 1;
				DEVELOPMENT_ASSET_PATHS = "\"dufunatest/Preview Content\"";
				DEVELOPMENT_TEAM = PJ9XNJSFV9;
				ENABLE_PREVIEWS = YES;
				GENERATE_INFOPLIST_FILE = YES;
				INFOPLIST_KEY_UIApplicationSceneManifest_Generation = YES;
				INFOPLIST_KEY_UIApplicationSupportsIndirectInputEvents = YES;
				INFOPLIST_KEY_UILaunchScreen_Generation = YES;
				INFOPLIST_KEY_UISupportedInterfaceOrientations_iPad = "UIInterfaceOrientationPortrait UIInterfaceOrientationPortraitUpsideDown UIInterfaceOrientationLandscapeLeft UIInterfaceOrientationLandscapeRight";
				INFOPLIST_KEY_UISupportedInterfaceOrientations_iPhone = "UIInterfaceOrientationPortrait UIInterfaceOrientationLandscapeLeft UIInterfaceOrientationLandscapeRight";
				LD_RUNPATH_SEARCH_PATHS = (
					"$(inherited)",
					"@executable_path/Frameworks",
				);
				MARKETING_VERSION = 1.0;
				PRODUCT_BUNDLE_IDENTIFIER = com.myapp.dufunatest;
				PRODUCT_NAME = "$(TARGET_NAME)";
				SWIFT_EMIT_LOC_STRINGS = YES;
				SWIFT_VERSION = 5.0;
				TARGETED_DEVICE_FAMILY = "1,2";
			};
			name = Debug;
		};
		185FFD6F2C1C47AD00617F16 /* Release */ = {
			isa = XCBuildConfiguration;
			buildSettings = {
				ASSETCATALOG_COMPILER_APPICON_NAME = AppIcon;
				ASSETCATALOG_COMPILER_GLOBAL_ACCENT_COLOR_NAME = AccentColor;
				CODE_SIGN_STYLE = Automatic;
				CURRENT_PROJECT_VERSION = 1;
				DEVELOPMENT_ASSET_PATHS = "\"dufunatest/Preview Content\"";
				DEVELOPMENT_TEAM = PJ9XNJSFV9;
				ENABLE_PREVIEWS = YES;
				GENERATE_INFOPLIST_FILE = YES;
				INFOPLIST_KEY_UIApplicationSceneManifest_Generation = YES;
				INFOPLIST_KEY_UIApplicationSupportsIndirectInputEvents = YES;
				INFOPLIST_KEY_UILaunchScreen_Generation = YES;
				INFOPLIST_KEY_UISupportedInterfaceOrientations_iPad = "UIInterfaceOrientationPortrait UIInterfaceOrientationPortraitUpsideDown UIInterfaceOrientationLandscapeLeft UIInterfaceOrientationLandscapeRight";
				INFOPLIST_KEY_UISupportedInterfaceOrientations_iPhone = "UIInterfaceOrientationPortrait UIInterfaceOrientationLandscapeLeft UIInterfaceOrientationLandscapeRight";
				LD_RUNPATH_SEARCH_PATHS = (
					"$(inherited)",
					"@executable_path/Frameworks",
				);
				MARKETING_VERSION = 1.0;
				PRODUCT_BUNDLE_IDENTIFIER = com.myapp.dufunatest;
				PRODUCT_NAME = "$(TARGET_NAME)";
				SWIFT_EMIT_LOC_STRINGS = YES;
				SWIFT_VERSION = 5.0;
				TARGETED_DEVICE_FAMILY = "1,2";
			};
			name = Release;
		};
/* End XCBuildConfiguration section */

/* Begin XCConfigurationList section */
		185FFD5A2C1C47AA00617F16 /* Build configuration list for PBXProject "dufunatest" */ = {
			isa = XCConfigurationList;
			buildConfigurations = (
				185FFD6B2C1C47AD00617F16 /* Debug */,
				185FFD6C2C1C47AD00617F16 /* Release */,
			);
			defaultConfigurationIsVisible = 0;
			defaultConfigurationName = Release;
		};
		185FFD6D2C1C47AD00617F16 /* Build configuration list for PBXNativeTarget "dufunatest" */ = {
			isa = XCConfigurationList;
			buildConfigurations = (
				185FFD6E2C1C47AD00617F16 /* Debug */,
				185FFD6F2C1C47AD00617F16 /* Release */,
			);
			defaultConfigurationIsVisible = 0;
			defaultConfigurationName = Release;
		};
/* End XCConfigurationList section */
	};
	rootObject = 185FFD572C1C47AA00617F16 /* Project object */;
}
